// !$*UTF8*$!
{
	archiveVersion = 1;
	classes = {
	};
	objectVersion = 77;
	objects = {

/* Begin PBXBuildFile section */
		04B38F069EE109E490256F76 /* SharedUI.swift in Sources */ = {isa = PBXBuildFile; fileRef = 159D193871901D0A02C68C89 /* SharedUI.swift */; };
		116247BBF162660DC88E26A8 /* LessonQuestionScreens.swift in Sources */ = {isa = PBXBuildFile; fileRef = A82159E26B5F581C2DDE1612 /* LessonQuestionScreens.swift */; };
		146C03188BC1E44BD60797AE /* RewardsView.swift in Sources */ = {isa = PBXBuildFile; fileRef = 63601D18391D8FB88CA54742 /* RewardsView.swift */; };
		169778524CE256BDE89F43E2 /* AvatarBuilderView.swift in Sources */ = {isa = PBXBuildFile; fileRef = 5C842D10712C0C9E33721D36 /* AvatarBuilderView.swift */; };
		1B1A98401BDE2C10BBF6BDEA /* MoneyPalsApp.swift in Sources */ = {isa = PBXBuildFile; fileRef = A6049A412E2DF86AA06C58B5 /* MoneyPalsApp.swift */; };
		1E3A73A321A039755E940228 /* ProgressStoreTests.swift in Sources */ = {isa = PBXBuildFile; fileRef = F347752AFA6F77210DBACBB4 /* ProgressStoreTests.swift */; };
		20062FE3769B55E7844D40E4 /* WelcomeView.swift in Sources */ = {isa = PBXBuildFile; fileRef = 9714D1B1836EF57A707856BE /* WelcomeView.swift */; };
		231DCDEB049CDD02687D45E5 /* ContentTests.swift in Sources */ = {isa = PBXBuildFile; fileRef = 678571BD1EBC0804EC350751 /* ContentTests.swift */; };
		23443D026EB15D932754E27B /* Theme.swift in Sources */ = {isa = PBXBuildFile; fileRef = C6032D053F513B51FC32153B /* Theme.swift */; };
		235465595771F34A31A3FE8B /* PennyView.swift in Sources */ = {isa = PBXBuildFile; fileRef = 2E2AB334CFBADD137713E105 /* PennyView.swift */; };
		2C6F7302541BF0028E706A46 /* LessonContent.swift in Sources */ = {isa = PBXBuildFile; fileRef = A6B035B2B5344145A79868A0 /* LessonContent.swift */; };
		32BCC122AD1EBF0BCF486388 /* ParentDashboardView.swift in Sources */ = {isa = PBXBuildFile; fileRef = 71CB42BD60B9F413CB83C4CF /* ParentDashboardView.swift */; };
		339ED2058F1F29E335C03932 /* RewardsRules.swift in Sources */ = {isa = PBXBuildFile; fileRef = 963F9B0F77A3AB3F3917DF75 /* RewardsRules.swift */; };
		395D6F969555D9EBA2FC89B8 /* AppState.swift in Sources */ = {isa = PBXBuildFile; fileRef = 243AB16FCE7A72608E00992A /* AppState.swift */; };
		3BE8E0163D5C65A44FF4C1D8 /* StickerBookView.swift in Sources */ = {isa = PBXBuildFile; fileRef = F48126B7D90158CE2EB517FA /* StickerBookView.swift */; };
		3E0425D38E825E074701EAC4 /* Models.swift in Sources */ = {isa = PBXBuildFile; fileRef = 8E943B89B772EF954F054989 /* Models.swift */; };
		3E2C0F097CDD75C4858A2096 /* Avatar.swift in Sources */ = {isa = PBXBuildFile; fileRef = B05E016A5696C84F3D0AD97C /* Avatar.swift */; };
		3EFB0A0BD5F9C9854ACCC10E /* CurriculumLibrary.swift in Sources */ = {isa = PBXBuildFile; fileRef = D008B254D31FAB52D88D7AFD /* CurriculumLibrary.swift */; };
		4198AF8A9B3A9D37C069C54D /* WhosLearningView.swift in Sources */ = {isa = PBXBuildFile; fileRef = C3D81C26B77C156D8758D707 /* WhosLearningView.swift */; };
		4911B290F981C4536D2BF8D6 /* ShopContent.swift in Sources */ = {isa = PBXBuildFile; fileRef = 7062ABA1AF7C25487FCFD3A2 /* ShopContent.swift */; };
		55C347986DD0E060A04510F5 /* SetupView.swift in Sources */ = {isa = PBXBuildFile; fileRef = 0F913406D798ED8F534E5B14 /* SetupView.swift */; };
		5766A74DD1519120512C2EA5 /* FLUENT-EMOJI-LICENSE.txt in Resources */ = {isa = PBXBuildFile; fileRef = 1BB8401E56FFD575FA3F9616 /* FLUENT-EMOJI-LICENSE.txt */; };
		58E25A2DC4EA64CEA2C655AE /* LessonComponents.swift in Sources */ = {isa = PBXBuildFile; fileRef = 2439DC92C84BB4E983E6708F /* LessonComponents.swift */; };
		5D3A7A9F20875D2B9D4CFACE /* LevelLessonsView.swift in Sources */ = {isa = PBXBuildFile; fileRef = FF5271DCABCE7598B8DAFF05 /* LevelLessonsView.swift */; };
		64911CE7E30AF403E14300C7 /* RewardsCopyTests.swift in Sources */ = {isa = PBXBuildFile; fileRef = 00FA8B4F682C8208243EE90E /* RewardsCopyTests.swift */; };
		6F147A1C5F614178596F1124 /* LessonDecoding.swift in Sources */ = {isa = PBXBuildFile; fileRef = 786083AAC77DB25FCEB46268 /* LessonDecoding.swift */; };
		712F1A524BB5CD8A2E28D441 /* LevelCheck.swift in Sources */ = {isa = PBXBuildFile; fileRef = 263F6F06F6754A092F4D1E29 /* LevelCheck.swift */; };
		8226381C18A2D83F82E17A6F /* CountItScreenView.swift in Sources */ = {isa = PBXBuildFile; fileRef = 585671E92F5ADDA088A9840C /* CountItScreenView.swift */; };
		8E4892A3B0FA6462F0DD1521 /* LessonPlayerView.swift in Sources */ = {isa = PBXBuildFile; fileRef = D4E37F2A38BAEBA4979A619A /* LessonPlayerView.swift */; };
		9A5F4309058940630E1A8E94 /* Content in Resources */ = {isa = PBXBuildFile; fileRef = F3C54E05C224CCB32102A397 /* Content */; };
		9C14136030E7F16E2B7A8788 /* CurriculumProgressTests.swift in Sources */ = {isa = PBXBuildFile; fileRef = D38991D7E4C550F68F084510 /* CurriculumProgressTests.swift */; };
		B0FEFA6A5D3E5380A728ED06 /* AvatarTests.swift in Sources */ = {isa = PBXBuildFile; fileRef = 6DEA3B7CDB71EC04F7F60CE7 /* AvatarTests.swift */; };
		B1BB0A29DD25C328355B6FEB /* LevelCheckTests.swift in Sources */ = {isa = PBXBuildFile; fileRef = 0AA7E15EDE945AD0FE348460 /* LevelCheckTests.swift */; };
		BADCE83232E9355F2CE48FEC /* KidFirstRunView.swift in Sources */ = {isa = PBXBuildFile; fileRef = DF2808AED1C673F0466FD3DA /* KidFirstRunView.swift */; };
		C0ACC2F5573A82DA8C04FB25 /* ShopTests.swift in Sources */ = {isa = PBXBuildFile; fileRef = 3BF093A44F3F1495AA484118 /* ShopTests.swift */; };
		C867CC5B3826B00F3BB905C5 /* ProgressStore.swift in Sources */ = {isa = PBXBuildFile; fileRef = D1CAB3F081ACAF5ADAB87F8F /* ProgressStore.swift */; };
		CE7565848225DA275A63DFAE /* PlayableOnADeviceTests.swift in Sources */ = {isa = PBXBuildFile; fileRef = 5979E0499A67569B37131C1B /* PlayableOnADeviceTests.swift */; };
		D00E65529B3F4CC91D4BD7AE /* Assets.xcassets in Resources */ = {isa = PBXBuildFile; fileRef = D8F9608B7567912942FCB5C0 /* Assets.xcassets */; };
		D117B5F1D94B3EB79DA4F635 /* LessonRunnerTests.swift in Sources */ = {isa = PBXBuildFile; fileRef = A07851AB2E4F349498903F40 /* LessonRunnerTests.swift */; };
		D7C30CA7D980714C721AC293 /* FirstRunTutorialTests.swift in Sources */ = {isa = PBXBuildFile; fileRef = CBC5F6E8EF012AE6D598A9E8 /* FirstRunTutorialTests.swift */; };
		DC0A865C343526B42DC99D41 /* AvatarArtwork.swift in Sources */ = {isa = PBXBuildFile; fileRef = 0D481E2BDE4FFE849E47E46E /* AvatarArtwork.swift */; };
		DD311D438E353D7135AB10F8 /* ShopLibrary.swift in Sources */ = {isa = PBXBuildFile; fileRef = A78EF487F7F6E44DBC4A6BD3 /* ShopLibrary.swift */; };
		DDFE5B096B9C6F12EE1544E9 /* LessonMapView.swift in Sources */ = {isa = PBXBuildFile; fileRef = 6A07287E0FBDE0B4B1CAD076 /* LessonMapView.swift */; };
		E1D5B5772A0D45EA0788E682 /* SortItScreenView.swift in Sources */ = {isa = PBXBuildFile; fileRef = 57ED1A9DD296622D69EA4BF7 /* SortItScreenView.swift */; };
		E33C56B91E695BBDE4608B49 /* Records.swift in Sources */ = {isa = PBXBuildFile; fileRef = EF01A6AEB9CB0597841B976C /* Records.swift */; };
		ED03EE0E66CB0BF5877530D5 /* ShopView.swift in Sources */ = {isa = PBXBuildFile; fileRef = 7C624D2EA695575DEB615E7F /* ShopView.swift */; };
		ED68323BE47206CB163C9DE0 /* LessonRunner.swift in Sources */ = {isa = PBXBuildFile; fileRef = 390CC878402FB29FF3301AB5 /* LessonRunner.swift */; };
		F154545AC44C97EF0BA8323C /* Sounds in Resources */ = {isa = PBXBuildFile; fileRef = 1013FC387BB8493BECDC390C /* Sounds */; };
		F51931265BA46E0DC3CA09D0 /* RewardsComponents.swift in Sources */ = {isa = PBXBuildFile; fileRef = F996DA63873748FC16C511CF /* RewardsComponents.swift */; };
		FC690762F6F293E29BC42E1D /* ParentDashboardTests.swift in Sources */ = {isa = PBXBuildFile; fileRef = 1DF2B4EF7032270270ACFC8E /* ParentDashboardTests.swift */; };
/* End PBXBuildFile section */

/* Begin PBXContainerItemProxy section */
		E777A619B5BFBCD3C229EB1F /* PBXContainerItemProxy */ = {
			isa = PBXContainerItemProxy;
			containerPortal = 18DE6952316CA8B1D1C83196 /* Project object */;
			proxyType = 1;
			remoteGlobalIDString = 88C53390E0D76289E7158E30;
			remoteInfo = MoneyPals;
		};
/* End PBXContainerItemProxy section */

/* Begin PBXFileReference section */
		00FA8B4F682C8208243EE90E /* RewardsCopyTests.swift */ = {isa = PBXFileReference; lastKnownFileType = sourcecode.swift; path = RewardsCopyTests.swift; sourceTree = "<group>"; };
		0AA7E15EDE945AD0FE348460 /* LevelCheckTests.swift */ = {isa = PBXFileReference; lastKnownFileType = sourcecode.swift; path = LevelCheckTests.swift; sourceTree = "<group>"; };
		0D481E2BDE4FFE849E47E46E /* AvatarArtwork.swift */ = {isa = PBXFileReference; lastKnownFileType = sourcecode.swift; path = AvatarArtwork.swift; sourceTree = "<group>"; };
		0F913406D798ED8F534E5B14 /* SetupView.swift */ = {isa = PBXFileReference; lastKnownFileType = sourcecode.swift; path = SetupView.swift; sourceTree = "<group>"; };
		1013FC387BB8493BECDC390C /* Sounds */ = {isa = PBXFileReference; lastKnownFileType = folder; name = Sounds; path = App/Resources/Sounds; sourceTree = SOURCE_ROOT; };
		159D193871901D0A02C68C89 /* SharedUI.swift */ = {isa = PBXFileReference; lastKnownFileType = sourcecode.swift; path = SharedUI.swift; sourceTree = "<group>"; };
		1BB8401E56FFD575FA3F9616 /* FLUENT-EMOJI-LICENSE.txt */ = {isa = PBXFileReference; lastKnownFileType = text; path = "FLUENT-EMOJI-LICENSE.txt"; sourceTree = "<group>"; };
		1DF2B4EF7032270270ACFC8E /* ParentDashboardTests.swift */ = {isa = PBXFileReference; lastKnownFileType = sourcecode.swift; path = ParentDashboardTests.swift; sourceTree = "<group>"; };
		2439DC92C84BB4E983E6708F /* LessonComponents.swift */ = {isa = PBXFileReference; lastKnownFileType = sourcecode.swift; path = LessonComponents.swift; sourceTree = "<group>"; };
		243AB16FCE7A72608E00992A /* AppState.swift */ = {isa = PBXFileReference; lastKnownFileType = sourcecode.swift; path = AppState.swift; sourceTree = "<group>"; };
		263F6F06F6754A092F4D1E29 /* LevelCheck.swift */ = {isa = PBXFileReference; lastKnownFileType = sourcecode.swift; path = LevelCheck.swift; sourceTree = "<group>"; };
		2E2AB334CFBADD137713E105 /* PennyView.swift */ = {isa = PBXFileReference; lastKnownFileType = sourcecode.swift; path = PennyView.swift; sourceTree = "<group>"; };
		390CC878402FB29FF3301AB5 /* LessonRunner.swift */ = {isa = PBXFileReference; lastKnownFileType = sourcecode.swift; path = LessonRunner.swift; sourceTree = "<group>"; };
		3BF093A44F3F1495AA484118 /* ShopTests.swift */ = {isa = PBXFileReference; lastKnownFileType = sourcecode.swift; path = ShopTests.swift; sourceTree = "<group>"; };
		57ED1A9DD296622D69EA4BF7 /* SortItScreenView.swift */ = {isa = PBXFileReference; lastKnownFileType = sourcecode.swift; path = SortItScreenView.swift; sourceTree = "<group>"; };
		585671E92F5ADDA088A9840C /* CountItScreenView.swift */ = {isa = PBXFileReference; lastKnownFileType = sourcecode.swift; path = CountItScreenView.swift; sourceTree = "<group>"; };
		5979E0499A67569B37131C1B /* PlayableOnADeviceTests.swift */ = {isa = PBXFileReference; lastKnownFileType = sourcecode.swift; path = PlayableOnADeviceTests.swift; sourceTree = "<group>"; };
		5C842D10712C0C9E33721D36 /* AvatarBuilderView.swift */ = {isa = PBXFileReference; lastKnownFileType = sourcecode.swift; path = AvatarBuilderView.swift; sourceTree = "<group>"; };
		63601D18391D8FB88CA54742 /* RewardsView.swift */ = {isa = PBXFileReference; lastKnownFileType = sourcecode.swift; path = RewardsView.swift; sourceTree = "<group>"; };
		678571BD1EBC0804EC350751 /* ContentTests.swift */ = {isa = PBXFileReference; lastKnownFileType = sourcecode.swift; path = ContentTests.swift; sourceTree = "<group>"; };
		6A07287E0FBDE0B4B1CAD076 /* LessonMapView.swift */ = {isa = PBXFileReference; lastKnownFileType = sourcecode.swift; path = LessonMapView.swift; sourceTree = "<group>"; };
		6DEA3B7CDB71EC04F7F60CE7 /* AvatarTests.swift */ = {isa = PBXFileReference; lastKnownFileType = sourcecode.swift; path = AvatarTests.swift; sourceTree = "<group>"; };
		7062ABA1AF7C25487FCFD3A2 /* ShopContent.swift */ = {isa = PBXFileReference; lastKnownFileType = sourcecode.swift; path = ShopContent.swift; sourceTree = "<group>"; };
		71CB42BD60B9F413CB83C4CF /* ParentDashboardView.swift */ = {isa = PBXFileReference; lastKnownFileType = sourcecode.swift; path = ParentDashboardView.swift; sourceTree = "<group>"; };
		786083AAC77DB25FCEB46268 /* LessonDecoding.swift */ = {isa = PBXFileReference; lastKnownFileType = sourcecode.swift; path = LessonDecoding.swift; sourceTree = "<group>"; };
		7C624D2EA695575DEB615E7F /* ShopView.swift */ = {isa = PBXFileReference; lastKnownFileType = sourcecode.swift; path = ShopView.swift; sourceTree = "<group>"; };
		8E943B89B772EF954F054989 /* Models.swift */ = {isa = PBXFileReference; lastKnownFileType = sourcecode.swift; path = Models.swift; sourceTree = "<group>"; };
		963F9B0F77A3AB3F3917DF75 /* RewardsRules.swift */ = {isa = PBXFileReference; lastKnownFileType = sourcecode.swift; path = RewardsRules.swift; sourceTree = "<group>"; };
		9714D1B1836EF57A707856BE /* WelcomeView.swift */ = {isa = PBXFileReference; lastKnownFileType = sourcecode.swift; path = WelcomeView.swift; sourceTree = "<group>"; };
		A07851AB2E4F349498903F40 /* LessonRunnerTests.swift */ = {isa = PBXFileReference; lastKnownFileType = sourcecode.swift; path = LessonRunnerTests.swift; sourceTree = "<group>"; };
		A6049A412E2DF86AA06C58B5 /* MoneyPalsApp.swift */ = {isa = PBXFileReference; lastKnownFileType = sourcecode.swift; path = MoneyPalsApp.swift; sourceTree = "<group>"; };
		A6B035B2B5344145A79868A0 /* LessonContent.swift */ = {isa = PBXFileReference; lastKnownFileType = sourcecode.swift; path = LessonContent.swift; sourceTree = "<group>"; };
		A78EF487F7F6E44DBC4A6BD3 /* ShopLibrary.swift */ = {isa = PBXFileReference; lastKnownFileType = sourcecode.swift; path = ShopLibrary.swift; sourceTree = "<group>"; };
		A82159E26B5F581C2DDE1612 /* LessonQuestionScreens.swift */ = {isa = PBXFileReference; lastKnownFileType = sourcecode.swift; path = LessonQuestionScreens.swift; sourceTree = "<group>"; };
		B05E016A5696C84F3D0AD97C /* Avatar.swift */ = {isa = PBXFileReference; lastKnownFileType = sourcecode.swift; path = Avatar.swift; sourceTree = "<group>"; };
		B7D7C18EA4F687AA178C6EAE /* Info.plist */ = {isa = PBXFileReference; lastKnownFileType = text.plist; path = Info.plist; sourceTree = "<group>"; };
		C3D81C26B77C156D8758D707 /* WhosLearningView.swift */ = {isa = PBXFileReference; lastKnownFileType = sourcecode.swift; path = WhosLearningView.swift; sourceTree = "<group>"; };
		C6032D053F513B51FC32153B /* Theme.swift */ = {isa = PBXFileReference; lastKnownFileType = sourcecode.swift; path = Theme.swift; sourceTree = "<group>"; };
		CBC5F6E8EF012AE6D598A9E8 /* FirstRunTutorialTests.swift */ = {isa = PBXFileReference; lastKnownFileType = sourcecode.swift; path = FirstRunTutorialTests.swift; sourceTree = "<group>"; };
		D008B254D31FAB52D88D7AFD /* CurriculumLibrary.swift */ = {isa = PBXFileReference; lastKnownFileType = sourcecode.swift; path = CurriculumLibrary.swift; sourceTree = "<group>"; };
		D1CAB3F081ACAF5ADAB87F8F /* ProgressStore.swift */ = {isa = PBXFileReference; lastKnownFileType = sourcecode.swift; path = ProgressStore.swift; sourceTree = "<group>"; };
		D38991D7E4C550F68F084510 /* CurriculumProgressTests.swift */ = {isa = PBXFileReference; lastKnownFileType = sourcecode.swift; path = CurriculumProgressTests.swift; sourceTree = "<group>"; };
		D4E37F2A38BAEBA4979A619A /* LessonPlayerView.swift */ = {isa = PBXFileReference; lastKnownFileType = sourcecode.swift; path = LessonPlayerView.swift; sourceTree = "<group>"; };
		D8F9608B7567912942FCB5C0 /* Assets.xcassets */ = {isa = PBXFileReference; lastKnownFileType = folder.assetcatalog; path = Assets.xcassets; sourceTree = "<group>"; };
		DF2808AED1C673F0466FD3DA /* KidFirstRunView.swift */ = {isa = PBXFileReference; lastKnownFileType = sourcecode.swift; path = KidFirstRunView.swift; sourceTree = "<group>"; };
		EA2A37222A3DA3DDC4CDC098 /* MoneyPalsTests.xctest */ = {isa = PBXFileReference; includeInIndex = 0; lastKnownFileType = wrapper.cfbundle; path = MoneyPalsTests.xctest; sourceTree = BUILT_PRODUCTS_DIR; };
		EF01A6AEB9CB0597841B976C /* Records.swift */ = {isa = PBXFileReference; lastKnownFileType = sourcecode.swift; path = Records.swift; sourceTree = "<group>"; };
		F347752AFA6F77210DBACBB4 /* ProgressStoreTests.swift */ = {isa = PBXFileReference; lastKnownFileType = sourcecode.swift; path = ProgressStoreTests.swift; sourceTree = "<group>"; };
		F3C54E05C224CCB32102A397 /* Content */ = {isa = PBXFileReference; lastKnownFileType = folder; name = Content; path = App/Content; sourceTree = SOURCE_ROOT; };
		F48126B7D90158CE2EB517FA /* StickerBookView.swift */ = {isa = PBXFileReference; lastKnownFileType = sourcecode.swift; path = StickerBookView.swift; sourceTree = "<group>"; };
		F6FAE50A3137D5AB12AF29D2 /* MoneyPals.app */ = {isa = PBXFileReference; includeInIndex = 0; lastKnownFileType = wrapper.application; path = MoneyPals.app; sourceTree = BUILT_PRODUCTS_DIR; };
		F996DA63873748FC16C511CF /* RewardsComponents.swift */ = {isa = PBXFileReference; lastKnownFileType = sourcecode.swift; path = RewardsComponents.swift; sourceTree = "<group>"; };
		FF5271DCABCE7598B8DAFF05 /* LevelLessonsView.swift */ = {isa = PBXFileReference; lastKnownFileType = sourcecode.swift; path = LevelLessonsView.swift; sourceTree = "<group>"; };
		"TEMP_2144672D-D781-492A-8727-C9AA7FCC2DFB" /* Signing.xcconfig */ = {isa = PBXFileReference; lastKnownFileType = text.xcconfig; path = Signing.xcconfig; sourceTree = "<group>"; };
/* End PBXFileReference section */

/* Begin PBXGroup section */
		1424A30AE8F3102A2503F5FD /* Lessons */ = {
			isa = PBXGroup;
			children = (
				585671E92F5ADDA088A9840C /* CountItScreenView.swift */,
				D008B254D31FAB52D88D7AFD /* CurriculumLibrary.swift */,
				2439DC92C84BB4E983E6708F /* LessonComponents.swift */,
				A6B035B2B5344145A79868A0 /* LessonContent.swift */,
				786083AAC77DB25FCEB46268 /* LessonDecoding.swift */,
				D4E37F2A38BAEBA4979A619A /* LessonPlayerView.swift */,
				A82159E26B5F581C2DDE1612 /* LessonQuestionScreens.swift */,
				390CC878402FB29FF3301AB5 /* LessonRunner.swift */,
				263F6F06F6754A092F4D1E29 /* LevelCheck.swift */,
				57ED1A9DD296622D69EA4BF7 /* SortItScreenView.swift */,
			);
			path = Lessons;
			sourceTree = "<group>";
		};
		261A17CA2E1C937836252ED8 = {
			isa = PBXGroup;
			children = (
				2C1FD2020FC690643D9697F0 /* App */,
				8D68A5E8CB26060B3A65A1CD /* Tests */,
				2683C019B22B60BC0C27F809 /* Products */,
			);
			sourceTree = "<group>";
		};
		2683C019B22B60BC0C27F809 /* Products */ = {
			isa = PBXGroup;
			children = (
				F6FAE50A3137D5AB12AF29D2 /* MoneyPals.app */,
				EA2A37222A3DA3DDC4CDC098 /* MoneyPalsTests.xctest */,
			);
			name = Products;
			sourceTree = "<group>";
		};
		2C1FD2020FC690643D9697F0 /* App */ = {
			isa = PBXGroup;
			children = (
				243AB16FCE7A72608E00992A /* AppState.swift */,
				D8F9608B7567912942FCB5C0 /* Assets.xcassets */,
				F3C54E05C224CCB32102A397 /* Content */,
				B7D7C18EA4F687AA178C6EAE /* Info.plist */,
				DF2808AED1C673F0466FD3DA /* KidFirstRunView.swift */,
				6A07287E0FBDE0B4B1CAD076 /* LessonMapView.swift */,
				FF5271DCABCE7598B8DAFF05 /* LevelLessonsView.swift */,
				8E943B89B772EF954F054989 /* Models.swift */,
				A6049A412E2DF86AA06C58B5 /* MoneyPalsApp.swift */,
				71CB42BD60B9F413CB83C4CF /* ParentDashboardView.swift */,
				2E2AB334CFBADD137713E105 /* PennyView.swift */,
				0F913406D798ED8F534E5B14 /* SetupView.swift */,
				159D193871901D0A02C68C89 /* SharedUI.swift */,
				C6032D053F513B51FC32153B /* Theme.swift */,
				9714D1B1836EF57A707856BE /* WelcomeView.swift */,
				C3D81C26B77C156D8758D707 /* WhosLearningView.swift */,
				A33A8AEE56F9492054C73DC6 /* Avatar */,
				1424A30AE8F3102A2503F5FD /* Lessons */,
				9DBAA02D36F5FE8C42004060 /* Persistence */,
				9FB0767EFED7B9EFE4525E1F /* Resources */,
				72C4CEDA95E17BCA43DA9DED /* Rewards */,
			);
			path = App;
			sourceTree = "<group>";
		};
		72C4CEDA95E17BCA43DA9DED /* Rewards */ = {
			isa = PBXGroup;
			children = (
				F996DA63873748FC16C511CF /* RewardsComponents.swift */,
				963F9B0F77A3AB3F3917DF75 /* RewardsRules.swift */,
				63601D18391D8FB88CA54742 /* RewardsView.swift */,
				7062ABA1AF7C25487FCFD3A2 /* ShopContent.swift */,
				A78EF487F7F6E44DBC4A6BD3 /* ShopLibrary.swift */,
				7C624D2EA695575DEB615E7F /* ShopView.swift */,
				F48126B7D90158CE2EB517FA /* StickerBookView.swift */,
			);
			path = Rewards;
			sourceTree = "<group>";
		};
		8D68A5E8CB26060B3A65A1CD /* Tests */ = {
			isa = PBXGroup;
			children = (
				6DEA3B7CDB71EC04F7F60CE7 /* AvatarTests.swift */,
				678571BD1EBC0804EC350751 /* ContentTests.swift */,
				D38991D7E4C550F68F084510 /* CurriculumProgressTests.swift */,
				CBC5F6E8EF012AE6D598A9E8 /* FirstRunTutorialTests.swift */,
				A07851AB2E4F349498903F40 /* LessonRunnerTests.swift */,
				0AA7E15EDE945AD0FE348460 /* LevelCheckTests.swift */,
				1DF2B4EF7032270270ACFC8E /* ParentDashboardTests.swift */,
				5979E0499A67569B37131C1B /* PlayableOnADeviceTests.swift */,
				F347752AFA6F77210DBACBB4 /* ProgressStoreTests.swift */,
				00FA8B4F682C8208243EE90E /* RewardsCopyTests.swift */,
				3BF093A44F3F1495AA484118 /* ShopTests.swift */,
			);
			path = Tests;
			sourceTree = "<group>";
		};
		9DBAA02D36F5FE8C42004060 /* Persistence */ = {
			isa = PBXGroup;
			children = (
				D1CAB3F081ACAF5ADAB87F8F /* ProgressStore.swift */,
				EF01A6AEB9CB0597841B976C /* Records.swift */,
			);
			path = Persistence;
			sourceTree = "<group>";
		};
		9FB0767EFED7B9EFE4525E1F /* Resources */ = {
			isa = PBXGroup;
			children = (
				1BB8401E56FFD575FA3F9616 /* FLUENT-EMOJI-LICENSE.txt */,
				1013FC387BB8493BECDC390C /* Sounds */,
			);
			path = Resources;
			sourceTree = "<group>";
		};
		A33A8AEE56F9492054C73DC6 /* Avatar */ = {
			isa = PBXGroup;
			children = (
				B05E016A5696C84F3D0AD97C /* Avatar.swift */,
				0D481E2BDE4FFE849E47E46E /* AvatarArtwork.swift */,
				5C842D10712C0C9E33721D36 /* AvatarBuilderView.swift */,
			);
			path = Avatar;
			sourceTree = "<group>";
		};
		"TEMP_45F21E0B-D784-4701-84B2-4CAF239FD051" /* firsttest */ = {
			isa = PBXGroup;
			children = (
				"TEMP_2144672D-D781-492A-8727-C9AA7FCC2DFB" /* Signing.xcconfig */,
			);
			path = firsttest;
			sourceTree = "<group>";
		};
/* End PBXGroup section */

/* Begin PBXNativeTarget section */
		88C53390E0D76289E7158E30 /* MoneyPals */ = {
			isa = PBXNativeTarget;
			buildConfigurationList = 40307721B899725AAF6DF74A /* Build configuration list for PBXNativeTarget "MoneyPals" */;
			buildPhases = (
				9ADBFB0D6D0698E16D2859BD /* Sources */,
				9BA8351833A6155F4A350F0B /* Resources */,
			);
			buildRules = (
			);
			dependencies = (
			);
			name = MoneyPals;
			packageProductDependencies = (
			);
			productName = MoneyPals;
			productReference = F6FAE50A3137D5AB12AF29D2 /* MoneyPals.app */;
			productType = "com.apple.product-type.application";
		};
		E35752611CB407D4BEE5C7BD /* MoneyPalsTests */ = {
			isa = PBXNativeTarget;
			buildConfigurationList = ADB7762B32D5DA4499DBAB31 /* Build configuration list for PBXNativeTarget "MoneyPalsTests" */;
			buildPhases = (
				5E32CD7FCD84EB7E2107F526 /* Sources */,
			);
			buildRules = (
			);
			dependencies = (
				A314AEDD4C577124F9A5E3D4 /* PBXTargetDependency */,
			);
			name = MoneyPalsTests;
			packageProductDependencies = (
			);
			productName = MoneyPalsTests;
			productReference = EA2A37222A3DA3DDC4CDC098 /* MoneyPalsTests.xctest */;
			productType = "com.apple.product-type.bundle.unit-test";
		};
/* End PBXNativeTarget section */

/* Begin PBXProject section */
		18DE6952316CA8B1D1C83196 /* Project object */ = {
			isa = PBXProject;
			attributes = {
				BuildIndependentTargetsInParallel = YES;
				LastUpgradeCheck = 1430;
				TargetAttributes = {
					88C53390E0D76289E7158E30 = {
						DevelopmentTeam = "$(MONEYPALS_TEAM)";
						ProvisioningStyle = Automatic;
					};
				};
			};
			buildConfigurationList = D6A21B55B3FC00BE42BC36D1 /* Build configuration list for PBXProject "MoneyPals" */;
			developmentRegion = en;
			hasScannedForEncodings = 0;
			knownRegions = (
				Base,
				en,
			);
			mainGroup = 261A17CA2E1C937836252ED8;
			minimizedProjectReferenceProxies = 1;
			preferredProjectObjectVersion = 77;
			productRefGroup = 2683C019B22B60BC0C27F809 /* Products */;
			projectDirPath = "";
			projectRoot = "";
			targets = (
				88C53390E0D76289E7158E30 /* MoneyPals */,
				E35752611CB407D4BEE5C7BD /* MoneyPalsTests */,
			);
		};
/* End PBXProject section */

/* Begin PBXResourcesBuildPhase section */
		9BA8351833A6155F4A350F0B /* Resources */ = {
			isa = PBXResourcesBuildPhase;
			buildActionMask = 2147483647;
			files = (
				D00E65529B3F4CC91D4BD7AE /* Assets.xcassets in Resources */,
				9A5F4309058940630E1A8E94 /* Content in Resources */,
				5766A74DD1519120512C2EA5 /* FLUENT-EMOJI-LICENSE.txt in Resources */,
				F154545AC44C97EF0BA8323C /* Sounds in Resources */,
			);
			runOnlyForDeploymentPostprocessing = 0;
		};
/* End PBXResourcesBuildPhase section */

/* Begin PBXSourcesBuildPhase section */
		5E32CD7FCD84EB7E2107F526 /* Sources */ = {
			isa = PBXSourcesBuildPhase;
			buildActionMask = 2147483647;
			files = (
				B0FEFA6A5D3E5380A728ED06 /* AvatarTests.swift in Sources */,
				231DCDEB049CDD02687D45E5 /* ContentTests.swift in Sources */,
				9C14136030E7F16E2B7A8788 /* CurriculumProgressTests.swift in Sources */,
				D7C30CA7D980714C721AC293 /* FirstRunTutorialTests.swift in Sources */,
				D117B5F1D94B3EB79DA4F635 /* LessonRunnerTests.swift in Sources */,
				B1BB0A29DD25C328355B6FEB /* LevelCheckTests.swift in Sources */,
				FC690762F6F293E29BC42E1D /* ParentDashboardTests.swift in Sources */,
				CE7565848225DA275A63DFAE /* PlayableOnADeviceTests.swift in Sources */,
				1E3A73A321A039755E940228 /* ProgressStoreTests.swift in Sources */,
				64911CE7E30AF403E14300C7 /* RewardsCopyTests.swift in Sources */,
				C0ACC2F5573A82DA8C04FB25 /* ShopTests.swift in Sources */,
			);
			runOnlyForDeploymentPostprocessing = 0;
		};
		9ADBFB0D6D0698E16D2859BD /* Sources */ = {
			isa = PBXSourcesBuildPhase;
			buildActionMask = 2147483647;
			files = (
				395D6F969555D9EBA2FC89B8 /* AppState.swift in Sources */,
				3E2C0F097CDD75C4858A2096 /* Avatar.swift in Sources */,
				DC0A865C343526B42DC99D41 /* AvatarArtwork.swift in Sources */,
				169778524CE256BDE89F43E2 /* AvatarBuilderView.swift in Sources */,
				8226381C18A2D83F82E17A6F /* CountItScreenView.swift in Sources */,
				3EFB0A0BD5F9C9854ACCC10E /* CurriculumLibrary.swift in Sources */,
				BADCE83232E9355F2CE48FEC /* KidFirstRunView.swift in Sources */,
				58E25A2DC4EA64CEA2C655AE /* LessonComponents.swift in Sources */,
				2C6F7302541BF0028E706A46 /* LessonContent.swift in Sources */,
				6F147A1C5F614178596F1124 /* LessonDecoding.swift in Sources */,
				DDFE5B096B9C6F12EE1544E9 /* LessonMapView.swift in Sources */,
				8E4892A3B0FA6462F0DD1521 /* LessonPlayerView.swift in Sources */,
				116247BBF162660DC88E26A8 /* LessonQuestionScreens.swift in Sources */,
				ED68323BE47206CB163C9DE0 /* LessonRunner.swift in Sources */,
				712F1A524BB5CD8A2E28D441 /* LevelCheck.swift in Sources */,
				5D3A7A9F20875D2B9D4CFACE /* LevelLessonsView.swift in Sources */,
				3E0425D38E825E074701EAC4 /* Models.swift in Sources */,
				1B1A98401BDE2C10BBF6BDEA /* MoneyPalsApp.swift in Sources */,
				32BCC122AD1EBF0BCF486388 /* ParentDashboardView.swift in Sources */,
				235465595771F34A31A3FE8B /* PennyView.swift in Sources */,
				C867CC5B3826B00F3BB905C5 /* ProgressStore.swift in Sources */,
				E33C56B91E695BBDE4608B49 /* Records.swift in Sources */,
				F51931265BA46E0DC3CA09D0 /* RewardsComponents.swift in Sources */,
				339ED2058F1F29E335C03932 /* RewardsRules.swift in Sources */,
				146C03188BC1E44BD60797AE /* RewardsView.swift in Sources */,
				55C347986DD0E060A04510F5 /* SetupView.swift in Sources */,
				04B38F069EE109E490256F76 /* SharedUI.swift in Sources */,
				4911B290F981C4536D2BF8D6 /* ShopContent.swift in Sources */,
				DD311D438E353D7135AB10F8 /* ShopLibrary.swift in Sources */,
				ED03EE0E66CB0BF5877530D5 /* ShopView.swift in Sources */,
				E1D5B5772A0D45EA0788E682 /* SortItScreenView.swift in Sources */,
				3BE8E0163D5C65A44FF4C1D8 /* StickerBookView.swift in Sources */,
				23443D026EB15D932754E27B /* Theme.swift in Sources */,
				20062FE3769B55E7844D40E4 /* WelcomeView.swift in Sources */,
				4198AF8A9B3A9D37C069C54D /* WhosLearningView.swift in Sources */,
			);
			runOnlyForDeploymentPostprocessing = 0;
		};
/* End PBXSourcesBuildPhase section */

/* Begin PBXTargetDependency section */
		A314AEDD4C577124F9A5E3D4 /* PBXTargetDependency */ = {
			isa = PBXTargetDependency;
			target = 88C53390E0D76289E7158E30 /* MoneyPals */;
			targetProxy = E777A619B5BFBCD3C229EB1F /* PBXContainerItemProxy */;
		};
/* End PBXTargetDependency section */

/* Begin XCBuildConfiguration section */
		0A3D90A5E9C2F0082B9B280C /* Release */ = {
			isa = XCBuildConfiguration;
			baseConfigurationReference = "TEMP_2144672D-D781-492A-8727-C9AA7FCC2DFB" /* Signing.xcconfig */;
			buildSettings = {
				ASSETCATALOG_COMPILER_APPICON_NAME = AppIcon;
				CODE_SIGNING_ALLOWED = "$(MONEYPALS_SIGNING)";
				CODE_SIGN_IDENTITY = "iPhone Developer";
				CODE_SIGN_STYLE = Automatic;
				CURRENT_PROJECT_VERSION = 1;
				DEVELOPMENT_TEAM = "$(MONEYPALS_TEAM)";
				ENABLE_PREVIEWS = YES;
				GENERATE_INFOPLIST_FILE = NO;
				INFOPLIST_FILE = App/Info.plist;
				IPHONEOS_DEPLOYMENT_TARGET = 17.0;
				LD_RUNPATH_SEARCH_PATHS = (
					"$(inherited)",
					"@executable_path/Frameworks",
				);
				MARKETING_VERSION = 0.1;
				PRODUCT_BUNDLE_IDENTIFIER = "$(MONEYPALS_BUNDLE_ID)";
				SDKROOT = iphoneos;
				SWIFT_VERSION = 5.0;
				TARGETED_DEVICE_FAMILY = "1,2";
			};
			name = Release;
		};
		1E6A76971B852C3B59E14274 /* Release */ = {
			isa = XCBuildConfiguration;
			buildSettings = {
				BUNDLE_LOADER = "$(TEST_HOST)";
				CODE_SIGNING_ALLOWED = NO;
				GENERATE_INFOPLIST_FILE = YES;
				IPHONEOS_DEPLOYMENT_TARGET = 17.0;
				LD_RUNPATH_SEARCH_PATHS = (
					"$(inherited)",
					"@executable_path/Frameworks",
					"@loader_path/Frameworks",
				);
				PRODUCT_BUNDLE_IDENTIFIER = com.example.moneypals.MoneyPalsTests;
				SDKROOT = iphoneos;
				SWIFT_VERSION = 5.0;
				TARGETED_DEVICE_FAMILY = "1,2";
				TEST_HOST = "$(BUILT_PRODUCTS_DIR)/MoneyPals.app/MoneyPals";
			};
			name = Release;
		};
		314B2A50EED60CCF89315540 /* Debug */ = {
			isa = XCBuildConfiguration;
			buildSettings = {
				BUNDLE_LOADER = "$(TEST_HOST)";
				CODE_SIGNING_ALLOWED = NO;
				GENERATE_INFOPLIST_FILE = YES;
				IPHONEOS_DEPLOYMENT_TARGET = 17.0;
				LD_RUNPATH_SEARCH_PATHS = (
					"$(inherited)",
					"@executable_path/Frameworks",
					"@loader_path/Frameworks",
				);
				PRODUCT_BUNDLE_IDENTIFIER = com.example.moneypals.MoneyPalsTests;
				SDKROOT = iphoneos;
				SWIFT_VERSION = 5.0;
				TARGETED_DEVICE_FAMILY = "1,2";
				TEST_HOST = "$(BUILT_PRODUCTS_DIR)/MoneyPals.app/MoneyPals";
			};
			name = Debug;
		};
		8E0978A494EDA1EA304A91F6 /* Debug */ = {
			isa = XCBuildConfiguration;
			baseConfigurationReference = "TEMP_2144672D-D781-492A-8727-C9AA7FCC2DFB" /* Signing.xcconfig */;
			buildSettings = {
				ASSETCATALOG_COMPILER_APPICON_NAME = AppIcon;
				CODE_SIGNING_ALLOWED = "$(MONEYPALS_SIGNING)";
				CODE_SIGN_IDENTITY = "iPhone Developer";
				CODE_SIGN_STYLE = Automatic;
				CURRENT_PROJECT_VERSION = 1;
				DEVELOPMENT_TEAM = "$(MONEYPALS_TEAM)";
				ENABLE_PREVIEWS = YES;
				GENERATE_INFOPLIST_FILE = NO;
				INFOPLIST_FILE = App/Info.plist;
				IPHONEOS_DEPLOYMENT_TARGET = 17.0;
				LD_RUNPATH_SEARCH_PATHS = (
					"$(inherited)",
					"@executable_path/Frameworks",
				);
				MARKETING_VERSION = 0.1;
				PRODUCT_BUNDLE_IDENTIFIER = "$(MONEYPALS_BUNDLE_ID)";
				SDKROOT = iphoneos;
				SWIFT_VERSION = 5.0;
				TARGETED_DEVICE_FAMILY = "1,2";
			};
			name = Debug;
		};
		C38DE92CA856B909CE146405 /* Debug */ = {
			isa = XCBuildConfiguration;
			buildSettings = {
				ALWAYS_SEARCH_USER_PATHS = NO;
				CLANG_ANALYZER_NONNULL = YES;
				CLANG_ANALYZER_NUMBER_OBJECT_CONVERSION = YES_AGGRESSIVE;
				CLANG_CXX_LANGUAGE_STANDARD = "gnu++14";
				CLANG_CXX_LIBRARY = "libc++";
				CLANG_ENABLE_MODULES = YES;
				CLANG_ENABLE_OBJC_ARC = YES;
				CLANG_ENABLE_OBJC_WEAK = YES;
				CLANG_WARN_BLOCK_CAPTURE_AUTORELEASING = YES;
				CLANG_WARN_BOOL_CONVERSION = YES;
				CLANG_WARN_COMMA = YES;
				CLANG_WARN_CONSTANT_CONVERSION = YES;
				CLANG_WARN_DEPRECATED_OBJC_IMPLEMENTATIONS = YES;
				CLANG_WARN_DIRECT_OBJC_ISA_USAGE = YES_ERROR;
				CLANG_WARN_DOCUMENTATION_COMMENTS = YES;
				CLANG_WARN_EMPTY_BODY = YES;
				CLANG_WARN_ENUM_CONVERSION = YES;
				CLANG_WARN_INFINITE_RECURSION = YES;
				CLANG_WARN_INT_CONVERSION = YES;
				CLANG_WARN_NON_LITERAL_NULL_CONVERSION = YES;
				CLANG_WARN_OBJC_IMPLICIT_RETAIN_SELF = YES;
				CLANG_WARN_OBJC_LITERAL_CONVERSION = YES;
				CLANG_WARN_OBJC_ROOT_CLASS = YES_ERROR;
				CLANG_WARN_QUOTED_INCLUDE_IN_FRAMEWORK_HEADER = YES;
				CLANG_WARN_RANGE_LOOP_ANALYSIS = YES;
				CLANG_WARN_STRICT_PROTOTYPES = YES;
				CLANG_WARN_SUSPICIOUS_MOVE = YES;
				CLANG_WARN_UNGUARDED_AVAILABILITY = YES_AGGRESSIVE;
				CLANG_WARN_UNREACHABLE_CODE = YES;
				CLANG_WARN__DUPLICATE_METHOD_MATCH = YES;
				COPY_PHASE_STRIP = NO;
				DEBUG_INFORMATION_FORMAT = dwarf;
				ENABLE_STRICT_OBJC_MSGSEND = YES;
				ENABLE_TESTABILITY = YES;
				GCC_C_LANGUAGE_STANDARD = gnu11;
				GCC_DYNAMIC_NO_PIC = NO;
				GCC_NO_COMMON_BLOCKS = YES;
				GCC_OPTIMIZATION_LEVEL = 0;
				GCC_PREPROCESSOR_DEFINITIONS = (
					"$(inherited)",
					"DEBUG=1",
				);
				GCC_WARN_64_TO_32_BIT_CONVERSION = YES;
				GCC_WARN_ABOUT_RETURN_TYPE = YES_ERROR;
				GCC_WARN_UNDECLARED_SELECTOR = YES;
				GCC_WARN_UNINITIALIZED_AUTOS = YES_AGGRESSIVE;
				GCC_WARN_UNUSED_FUNCTION = YES;
				GCC_WARN_UNUSED_VARIABLE = YES;
				IPHONEOS_DEPLOYMENT_TARGET = 17.0;
				MTL_ENABLE_DEBUG_INFO = INCLUDE_SOURCE;
				MTL_FAST_MATH = YES;
				ONLY_ACTIVE_ARCH = YES;
				PRODUCT_NAME = "$(TARGET_NAME)";
				SDKROOT = iphoneos;
				SWIFT_ACTIVE_COMPILATION_CONDITIONS = DEBUG;
				SWIFT_OPTIMIZATION_LEVEL = "-Onone";
				SWIFT_VERSION = 5.0;
			};
			name = Debug;
		};
		FC3C310572DD95FB71E1DD3E /* Release */ = {
			isa = XCBuildConfiguration;
			buildSettings = {
				ALWAYS_SEARCH_USER_PATHS = NO;
				CLANG_ANALYZER_NONNULL = YES;
				CLANG_ANALYZER_NUMBER_OBJECT_CONVERSION = YES_AGGRESSIVE;
				CLANG_CXX_LANGUAGE_STANDARD = "gnu++14";
				CLANG_CXX_LIBRARY = "libc++";
				CLANG_ENABLE_MODULES = YES;
				CLANG_ENABLE_OBJC_ARC = YES;
				CLANG_ENABLE_OBJC_WEAK = YES;
				CLANG_WARN_BLOCK_CAPTURE_AUTORELEASING = YES;
				CLANG_WARN_BOOL_CONVERSION = YES;
				CLANG_WARN_COMMA = YES;
				CLANG_WARN_CONSTANT_CONVERSION = YES;
				CLANG_WARN_DEPRECATED_OBJC_IMPLEMENTATIONS = YES;
				CLANG_WARN_DIRECT_OBJC_ISA_USAGE = YES_ERROR;
				CLANG_WARN_DOCUMENTATION_COMMENTS = YES;
				CLANG_WARN_EMPTY_BODY = YES;
				CLANG_WARN_ENUM_CONVERSION = YES;
				CLANG_WARN_INFINITE_RECURSION = YES;
				CLANG_WARN_INT_CONVERSION = YES;
				CLANG_WARN_NON_LITERAL_NULL_CONVERSION = YES;
				CLANG_WARN_OBJC_IMPLICIT_RETAIN_SELF = YES;
				CLANG_WARN_OBJC_LITERAL_CONVERSION = YES;
				CLANG_WARN_OBJC_ROOT_CLASS = YES_ERROR;
				CLANG_WARN_QUOTED_INCLUDE_IN_FRAMEWORK_HEADER = YES;
				CLANG_WARN_RANGE_LOOP_ANALYSIS = YES;
				CLANG_WARN_STRICT_PROTOTYPES = YES;
				CLANG_WARN_SUSPICIOUS_MOVE = YES;
				CLANG_WARN_UNGUARDED_AVAILABILITY = YES_AGGRESSIVE;
				CLANG_WARN_UNREACHABLE_CODE = YES;
				CLANG_WARN__DUPLICATE_METHOD_MATCH = YES;
				COPY_PHASE_STRIP = NO;
				DEBUG_INFORMATION_FORMAT = "dwarf-with-dsym";
				ENABLE_NS_ASSERTIONS = NO;
				ENABLE_STRICT_OBJC_MSGSEND = YES;
				GCC_C_LANGUAGE_STANDARD = gnu11;
				GCC_NO_COMMON_BLOCKS = YES;
				GCC_WARN_64_TO_32_BIT_CONVERSION = YES;
				GCC_WARN_ABOUT_RETURN_TYPE = YES_ERROR;
				GCC_WARN_UNDECLARED_SELECTOR = YES;
				GCC_WARN_UNINITIALIZED_AUTOS = YES_AGGRESSIVE;
				GCC_WARN_UNUSED_FUNCTION = YES;
				GCC_WARN_UNUSED_VARIABLE = YES;
				IPHONEOS_DEPLOYMENT_TARGET = 17.0;
				MTL_ENABLE_DEBUG_INFO = NO;
				MTL_FAST_MATH = YES;
				PRODUCT_NAME = "$(TARGET_NAME)";
				SDKROOT = iphoneos;
				SWIFT_COMPILATION_MODE = wholemodule;
				SWIFT_OPTIMIZATION_LEVEL = "-O";
				SWIFT_VERSION = 5.0;
			};
			name = Release;
		};
/* End XCBuildConfiguration section */

/* Begin XCConfigurationList section */
		40307721B899725AAF6DF74A /* Build configuration list for PBXNativeTarget "MoneyPals" */ = {
			isa = XCConfigurationList;
			buildConfigurations = (
				8E0978A494EDA1EA304A91F6 /* Debug */,
				0A3D90A5E9C2F0082B9B280C /* Release */,
			);
			defaultConfigurationIsVisible = 0;
			defaultConfigurationName = Debug;
		};
		ADB7762B32D5DA4499DBAB31 /* Build configuration list for PBXNativeTarget "MoneyPalsTests" */ = {
			isa = XCConfigurationList;
			buildConfigurations = (
				314B2A50EED60CCF89315540 /* Debug */,
				1E6A76971B852C3B59E14274 /* Release */,
			);
			defaultConfigurationIsVisible = 0;
			defaultConfigurationName = Debug;
		};
		D6A21B55B3FC00BE42BC36D1 /* Build configuration list for PBXProject "MoneyPals" */ = {
			isa = XCConfigurationList;
			buildConfigurations = (
				C38DE92CA856B909CE146405 /* Debug */,
				FC3C310572DD95FB71E1DD3E /* Release */,
			);
			defaultConfigurationIsVisible = 0;
			defaultConfigurationName = Debug;
		};
/* End XCConfigurationList section */
	};
	rootObject = 18DE6952316CA8B1D1C83196 /* Project object */;
}
